{
  "nodes": {
    "nixpkgs": {
      "locked": {
        "narHash": "sha256-M0U063Ba2DKL4lMYI7XW13Rsk5tfUXnIYiAVa39AV/0=",
        "rev": "f741f8a839912e272d7e87ccf4b9dbc6012cdaf9",
        "revCount": 492294,
        "type": "tarball",
        "url": "https://api.flakehub.com/f/pinned/NixOS/nixpkgs/0.2305.492294%2Brev-f741f8a839912e272d7e87ccf4b9dbc6012cdaf9/018bf7ed-177a-7041-a26e-c4a54364456c/source.tar.gz"
      },
      "original": {
        "type": "tarball",
        "url": "https://flakehub.com/f/NixOS/nixpkgs/0.2305.491812.tar.gz"
      }
    },
    "root": {
      "inputs": {
        "nixpkgs": "nixpkgs"
      }
    }
  },
  "root": "root",
  "version": 7
}
